
Microsoft Visual Studio Solution File, Format Version 12.00
# Visual Studio 14
VisualStudioVersion = 14.0.24720.0
MinimumVisualStudioVersion = 10.0.40219.1
Project("{FAE04EC0-301F-11D3-BF4B-00C04F79EFBC}") = "Paint", "Paint\Paint.csproj", "{2FE02E0E-7F91-45E0-8F20-220B4B755BF5}"
EndProject
Global
	GlobalSection(SolutionConfigurationPlatforms) = preSolution
		Debug|Any CPU = Debug|Any CPU
		Release|Any CPU = Release|Any CPU
	EndGlobalSection
	GlobalSection(ProjectConfigurationPlatforms) = postSolution
		{2FE02E0E-7F91-45E0-8F20-220B4B755BF5}.Debug|Any CPU.ActiveCfg = Debug|Any CPU
		{2FE02E0E-7F91-45E0-8F20-220B4B755BF5}.Debug|Any CPU.Build.0 = Debug|Any CPU
		{2FE02E0E-7F91-45E0-8F20-220B4B755BF5}.Release|Any CPU.ActiveCfg = Release|Any CPU
		{2FE02E0E-7F91-45E0-8F20-220B4B755BF5}.Release|Any CPU.Build.0 = Release|Any CPU
	EndGlobalSection
	GlobalSection(SolutionProperties) = preSolution
		HideSolutionNode = FALSE
	EndGlobalSection
EndGlobal
