
Microsoft Visual Studio Solution File, Format Version 12.00
# Visual Studio 14
VisualStudioVersion = 14.0.24720.0
MinimumVisualStudioVersion = 10.0.40219.1
Project("{FAE04EC0-301F-11D3-BF4B-00C04F79EFBC}") = "demoVersion", "demoVersion\demoVersion.csproj", "{7F2D98A6-1E59-43D5-89C5-4DB56B4B981A}"
EndProject
Global
	GlobalSection(SolutionConfigurationPlatforms) = preSolution
		Debug|Any CPU = Debug|Any CPU
		Release|Any CPU = Release|Any CPU
	EndGlobalSection
	GlobalSection(ProjectConfigurationPlatforms) = postSolution
		{7F2D98A6-1E59-43D5-89C5-4DB56B4B981A}.Debug|Any CPU.ActiveCfg = Debug|Any CPU
		{7F2D98A6-1E59-43D5-89C5-4DB56B4B981A}.Debug|Any CPU.Build.0 = Debug|Any CPU
		{7F2D98A6-1E59-43D5-89C5-4DB56B4B981A}.Release|Any CPU.ActiveCfg = Release|Any CPU
		{7F2D98A6-1E59-43D5-89C5-4DB56B4B981A}.Release|Any CPU.Build.0 = Release|Any CPU
	EndGlobalSection
	GlobalSection(SolutionProperties) = preSolution
		HideSolutionNode = FALSE
	EndGlobalSection
EndGlobal
