
Microsoft Visual Studio Solution File, Format Version 12.00
# Visual Studio 14
VisualStudioVersion = 14.0.24720.0
MinimumVisualStudioVersion = 10.0.40219.1
Project("{FAE04EC0-301F-11D3-BF4B-00C04F79EFBC}") = "www", "www\www.csproj", "{565D3B50-0B34-47D7-B5EB-1AED0167DCBC}"
EndProject
Project("{FAE04EC0-301F-11D3-BF4B-00C04F79EFBC}") = "workWithFiles", "..\workWithFiles\workWithFiles\workWithFiles.csproj", "{7FF046D9-FFFA-4461-915E-DF3D00608F68}"
EndProject
Global
	GlobalSection(SolutionConfigurationPlatforms) = preSolution
		Debug|Any CPU = Debug|Any CPU
		Release|Any CPU = Release|Any CPU
	EndGlobalSection
	GlobalSection(ProjectConfigurationPlatforms) = postSolution
		{565D3B50-0B34-47D7-B5EB-1AED0167DCBC}.Debug|Any CPU.ActiveCfg = Debug|Any CPU
		{565D3B50-0B34-47D7-B5EB-1AED0167DCBC}.Debug|Any CPU.Build.0 = Debug|Any CPU
		{565D3B50-0B34-47D7-B5EB-1AED0167DCBC}.Release|Any CPU.ActiveCfg = Release|Any CPU
		{565D3B50-0B34-47D7-B5EB-1AED0167DCBC}.Release|Any CPU.Build.0 = Release|Any CPU
		{7FF046D9-FFFA-4461-915E-DF3D00608F68}.Debug|Any CPU.ActiveCfg = Debug|Any CPU
		{7FF046D9-FFFA-4461-915E-DF3D00608F68}.Debug|Any CPU.Build.0 = Debug|Any CPU
		{7FF046D9-FFFA-4461-915E-DF3D00608F68}.Release|Any CPU.ActiveCfg = Release|Any CPU
		{7FF046D9-FFFA-4461-915E-DF3D00608F68}.Release|Any CPU.Build.0 = Release|Any CPU
	EndGlobalSection
	GlobalSection(SolutionProperties) = preSolution
		HideSolutionNode = FALSE
	EndGlobalSection
EndGlobal
